
Microsoft Visual Studio Solution File, Format Version 12.00
# Visual Studio 15
VisualStudioVersion = 15.0.27703.2047
MinimumVisualStudioVersion = 10.0.40219.1
Project("{8BC9CEB8-8B4A-11D0-8D11-00A0C91BC942}") = "SD_fibo", "SD_fibo\SD_fibo.vcxproj", "{F0F852F4-DBA1-425F-919F-9439900D2D98}"
EndProject
Global
	GlobalSection(SolutionConfigurationPlatforms) = preSolution
		Debug|x64 = Debug|x64
		Debug|x86 = Debug|x86
		Release|x64 = Release|x64
		Release|x86 = Release|x86
	EndGlobalSection
	GlobalSection(ProjectConfigurationPlatforms) = postSolution
		{F0F852F4-DBA1-425F-919F-9439900D2D98}.Debug|x64.ActiveCfg = Debug|x64
		{F0F852F4-DBA1-425F-919F-9439900D2D98}.Debug|x64.Build.0 = Debug|x64
		{F0F852F4-DBA1-425F-919F-9439900D2D98}.Debug|x86.ActiveCfg = Debug|Win32
		{F0F852F4-DBA1-425F-919F-9439900D2D98}.Debug|x86.Build.0 = Debug|Win32
		{F0F852F4-DBA1-425F-919F-9439900D2D98}.Release|x64.ActiveCfg = Release|x64
		{F0F852F4-DBA1-425F-919F-9439900D2D98}.Release|x64.Build.0 = Release|x64
		{F0F852F4-DBA1-425F-919F-9439900D2D98}.Release|x86.ActiveCfg = Release|Win32
		{F0F852F4-DBA1-425F-919F-9439900D2D98}.Release|x86.Build.0 = Release|Win32
	EndGlobalSection
	GlobalSection(SolutionProperties) = preSolution
		HideSolutionNode = FALSE
	EndGlobalSection
	GlobalSection(ExtensibilityGlobals) = postSolution
		SolutionGuid = {158B3E8F-0D30-4BE3-AC88-B0FDAA908388}
	EndGlobalSection
EndGlobal
